# @generated - this file is auto-generated by `mise lock` https://mise.jdx.dev/dev-tools/mise-lock.html

[[tools."aqua:EmbarkStudios/cargo-deny"]]
version = "0.20.2"
backend = "aqua:EmbarkStudios/cargo-deny"

[tools."aqua:EmbarkStudios/cargo-deny"."platforms.linux-arm64"]
checksum = "sha256:995c82be0defc7a025cae49a2aa2644ce8245c9a3318fc4103907c6a285e8c7d"
url = "https://github.com/EmbarkStudios/cargo-deny/releases/download/0.20.2/cargo-deny-0.20.2-aarch64-unknown-linux-musl.tar.gz"
url_api = "https://api.github.com/repos/EmbarkStudios/cargo-deny/releases/assets/471598345"

[tools."aqua:EmbarkStudios/cargo-deny"."platforms.linux-x64"]
checksum = "sha256:9f12ed4c49936e09b48bf862b595cde2fe64fcbd9d74dfacac6131ca824c8d5f"
url = "https://github.com/EmbarkStudios/cargo-deny/releases/download/0.20.2/cargo-deny-0.20.2-x86_64-unknown-linux-musl.tar.gz"
url_api = "https://api.github.com/repos/EmbarkStudios/cargo-deny/releases/assets/471598214"

[tools."aqua:EmbarkStudios/cargo-deny"."platforms.macos-arm64"]
checksum = "sha256:fe67d82a10d8597a3549364cb733a3f9cc1bfff9031b7ae46384a9f2a72090c3"
url = "https://github.com/EmbarkStudios/cargo-deny/releases/download/0.20.2/cargo-deny-0.20.2-aarch64-apple-darwin.tar.gz"
url_api = "https://api.github.com/repos/EmbarkStudios/cargo-deny/releases/assets/471597689"

[tools."aqua:EmbarkStudios/cargo-deny"."platforms.macos-x64"]
checksum = "sha256:248da7f581724e470071990c088ffc55c811981715f4cbdb258621fb79f8b7a6"
url = "https://github.com/EmbarkStudios/cargo-deny/releases/download/0.20.2/cargo-deny-0.20.2-x86_64-apple-darwin.tar.gz"
url_api = "https://api.github.com/repos/EmbarkStudios/cargo-deny/releases/assets/471598357"

[tools."aqua:EmbarkStudios/cargo-deny"."platforms.windows-arm64"]
checksum = "sha256:975a22143262fd27476d19ee00c7af67978426e40e1dee94eed6bbade1cf87dc"
url = "https://github.com/EmbarkStudios/cargo-deny/releases/download/0.20.2/cargo-deny-0.20.2-x86_64-pc-windows-msvc.tar.gz"
url_api = "https://api.github.com/repos/EmbarkStudios/cargo-deny/releases/assets/471599057"

[tools."aqua:EmbarkStudios/cargo-deny"."platforms.windows-x64"]
checksum = "sha256:975a22143262fd27476d19ee00c7af67978426e40e1dee94eed6bbade1cf87dc"
url = "https://github.com/EmbarkStudios/cargo-deny/releases/download/0.20.2/cargo-deny-0.20.2-x86_64-pc-windows-msvc.tar.gz"
url_api = "https://api.github.com/repos/EmbarkStudios/cargo-deny/releases/assets/471599057"

[[tools."aqua:axodotdev/cargo-dist"]]
version = "0.33.0"
backend = "aqua:axodotdev/cargo-dist"

[tools."aqua:axodotdev/cargo-dist"."platforms.linux-arm64"]
checksum = "sha256:9c554ab21a58ad46eb9b6710f89633ccb26bc2577cf4b0c2d18a5b826a31913e"
url = "https://github.com/axodotdev/cargo-dist/releases/download/v0.33.0/cargo-dist-aarch64-unknown-linux-gnu.tar.xz"
url_api = "https://api.github.com/repos/axodotdev/cargo-dist/releases/assets/556576962"
provenance = "github-attestations"

[tools."aqua:axodotdev/cargo-dist"."platforms.linux-x64"]
checksum = "sha256:4b3f0a5f0ebbdb798f6db649d01b32ba1518376b6f7a0502b7d92b75cc2c8293"
url = "https://github.com/axodotdev/cargo-dist/releases/download/v0.33.0/cargo-dist-x86_64-unknown-linux-gnu.tar.xz"
url_api = "https://api.github.com/repos/axodotdev/cargo-dist/releases/assets/556576992"
provenance = "github-attestations"

[tools."aqua:axodotdev/cargo-dist"."platforms.macos-arm64"]
checksum = "sha256:7b3cbe25511de01d74c0f5fcb7909edabd379bea9cfa284d93af5a3cdfa3247c"
url = "https://github.com/axodotdev/cargo-dist/releases/download/v0.33.0/cargo-dist-aarch64-apple-darwin.tar.xz"
url_api = "https://api.github.com/repos/axodotdev/cargo-dist/releases/assets/556576963"
provenance = "github-attestations"

[tools."aqua:axodotdev/cargo-dist"."platforms.macos-x64"]
checksum = "sha256:6a49bfb61bd86770d79c27f3d2b40c6b2e71cde940d3d31a6ccaaffc124d7a29"
url = "https://github.com/axodotdev/cargo-dist/releases/download/v0.33.0/cargo-dist-x86_64-apple-darwin.tar.xz"
url_api = "https://api.github.com/repos/axodotdev/cargo-dist/releases/assets/556576979"
provenance = "github-attestations"

[tools."aqua:axodotdev/cargo-dist"."platforms.windows-arm64"]
checksum = "sha256:9a36d70795e14326a5ec4bf17aee085df00ab85a322739291ea5d4b1b5f693cd"
url = "https://github.com/axodotdev/cargo-dist/releases/download/v0.33.0/cargo-dist-x86_64-pc-windows-msvc.zip"
url_api = "https://api.github.com/repos/axodotdev/cargo-dist/releases/assets/556576987"
provenance = "github-attestations"

[tools."aqua:axodotdev/cargo-dist"."platforms.windows-x64"]
checksum = "sha256:9a36d70795e14326a5ec4bf17aee085df00ab85a322739291ea5d4b1b5f693cd"
url = "https://github.com/axodotdev/cargo-dist/releases/download/v0.33.0/cargo-dist-x86_64-pc-windows-msvc.zip"
url_api = "https://api.github.com/repos/axodotdev/cargo-dist/releases/assets/556576987"
provenance = "github-attestations"

[[tools."aqua:mitsuhiko/insta"]]
version = "1.48.0"
backend = "aqua:mitsuhiko/insta"

[tools."aqua:mitsuhiko/insta"."platforms.linux-x64"]
checksum = "sha256:1c05a480a5a7f755f0ea15b2d8e2f71ad51b9c3a270d38ac72005c57ac0a1487"
url = "https://github.com/mitsuhiko/insta/releases/download/1.48.0/cargo-insta-x86_64-unknown-linux-gnu.tar.xz"
url_api = "https://api.github.com/repos/mitsuhiko/insta/releases/assets/444757866"

[tools."aqua:mitsuhiko/insta"."platforms.macos-arm64"]
checksum = "sha256:26f081f5bf62d1dc03aae9c4137188d66a2debe6bcaf2884f2153fcb6eda27cb"
url = "https://github.com/mitsuhiko/insta/releases/download/1.48.0/cargo-insta-aarch64-apple-darwin.tar.xz"
url_api = "https://api.github.com/repos/mitsuhiko/insta/releases/assets/444757856"

[tools."aqua:mitsuhiko/insta"."platforms.macos-x64"]
checksum = "sha256:e2d6d6fa4bcb30f7d4834f6254a6da7f2982a9e9a3882695aca5e83d64231267"
url = "https://github.com/mitsuhiko/insta/releases/download/1.48.0/cargo-insta-x86_64-apple-darwin.tar.xz"
url_api = "https://api.github.com/repos/mitsuhiko/insta/releases/assets/444757859"

[tools."aqua:mitsuhiko/insta"."platforms.windows-arm64"]
checksum = "sha256:7e23929588aaf5daff1e93bfc4addca7ccf55195444e84552b6588c9d864642e"
url = "https://github.com/mitsuhiko/insta/releases/download/1.48.0/cargo-insta-x86_64-pc-windows-msvc.zip"
url_api = "https://api.github.com/repos/mitsuhiko/insta/releases/assets/444757862"

[tools."aqua:mitsuhiko/insta"."platforms.windows-x64"]
checksum = "sha256:7e23929588aaf5daff1e93bfc4addca7ccf55195444e84552b6588c9d864642e"
url = "https://github.com/mitsuhiko/insta/releases/download/1.48.0/cargo-insta-x86_64-pc-windows-msvc.zip"
url_api = "https://api.github.com/repos/mitsuhiko/insta/releases/assets/444757862"

[[tools."aqua:taiki-e/cargo-llvm-cov"]]
version = "0.9.1"
backend = "aqua:taiki-e/cargo-llvm-cov"

[tools."aqua:taiki-e/cargo-llvm-cov"."platforms.linux-arm64"]
checksum = "sha256:abf5f13c1520f8756d2192bfaaeadb0208f5b7eaa8cadc15bf847befa42b7360"
url = "https://github.com/taiki-e/cargo-llvm-cov/releases/download/v0.9.1/cargo-llvm-cov-aarch64-unknown-linux-gnu.tar.gz"
url_api = "https://api.github.com/repos/taiki-e/cargo-llvm-cov/releases/assets/547403281"
provenance = "github-attestations"

[tools."aqua:taiki-e/cargo-llvm-cov"."platforms.linux-x64"]
checksum = "sha256:b3f68e625481fed9b16444174f3fa5ebcdbde4a1878803a35eabe2dcefcdc41a"
url = "https://github.com/taiki-e/cargo-llvm-cov/releases/download/v0.9.1/cargo-llvm-cov-x86_64-unknown-linux-gnu.tar.gz"
url_api = "https://api.github.com/repos/taiki-e/cargo-llvm-cov/releases/assets/547403171"
provenance = "github-attestations"

[tools."aqua:taiki-e/cargo-llvm-cov"."platforms.macos-arm64"]
checksum = "sha256:7e821a6c90c0884f79f759f5d9be50799ade67bb82515186d922f26032ef43b8"
url = "https://github.com/taiki-e/cargo-llvm-cov/releases/download/v0.9.1/cargo-llvm-cov-aarch64-apple-darwin.tar.gz"
url_api = "https://api.github.com/repos/taiki-e/cargo-llvm-cov/releases/assets/547403359"
provenance = "github-attestations"

[tools."aqua:taiki-e/cargo-llvm-cov"."platforms.macos-x64"]
checksum = "sha256:ddf949b82a63017441ea76aa068bdd7e2dde8055f47cd3ef736fdbbd633bc33e"
url = "https://github.com/taiki-e/cargo-llvm-cov/releases/download/v0.9.1/cargo-llvm-cov-x86_64-apple-darwin.tar.gz"
url_api = "https://api.github.com/repos/taiki-e/cargo-llvm-cov/releases/assets/547403156"
provenance = "github-attestations"

[tools."aqua:taiki-e/cargo-llvm-cov"."platforms.windows-arm64"]
checksum = "sha256:15eefd5b90fcdd4006b727c6e710d70a61aff509fcd7bb37f9c2a35c4f024948"
url = "https://github.com/taiki-e/cargo-llvm-cov/releases/download/v0.9.1/cargo-llvm-cov-x86_64-pc-windows-msvc.tar.gz"
url_api = "https://api.github.com/repos/taiki-e/cargo-llvm-cov/releases/assets/547404213"
provenance = "github-attestations"

[tools."aqua:taiki-e/cargo-llvm-cov"."platforms.windows-x64"]
checksum = "sha256:15eefd5b90fcdd4006b727c6e710d70a61aff509fcd7bb37f9c2a35c4f024948"
url = "https://github.com/taiki-e/cargo-llvm-cov/releases/download/v0.9.1/cargo-llvm-cov-x86_64-pc-windows-msvc.tar.gz"
url_api = "https://api.github.com/repos/taiki-e/cargo-llvm-cov/releases/assets/547404213"
provenance = "github-attestations"

[[tools."cargo:cargo-auditable"]]
version = "0.7.6"
backend = "cargo:cargo-auditable"

[[tools."cargo:cargo-codspeed"]]
version = "5.0.2"
backend = "cargo:cargo-codspeed"

[[tools."cargo:cargo-cyclonedx"]]
version = "0.5.9"
backend = "cargo:cargo-cyclonedx"

[[tools."cargo:cargo-fuzz"]]
version = "0.13.2"
backend = "cargo:cargo-fuzz"

[[tools."cargo:cargo-hack"]]
version = "0.6.45"
backend = "cargo:cargo-hack"

[[tools."cargo:cargo-mutants"]]
version = "27.1.0"
backend = "cargo:cargo-mutants"

[[tools."github:Shopify/toxiproxy"]]
version = "2.12.0"
backend = "github:Shopify/toxiproxy"

[tools."github:Shopify/toxiproxy".options]
matching = "toxiproxy-server"

[tools."github:Shopify/toxiproxy"."platforms.linux-arm64"]
checksum = "sha256:53e770c1c3035b5a9f1bc629fce537db1f95f62b26f4ebe6e756afd701cf077c"
url = "https://github.com/Shopify/toxiproxy/releases/download/v2.12.0/toxiproxy-server-linux-arm64"
url_api = "https://api.github.com/repos/Shopify/toxiproxy/releases/assets/238542950"

[tools."github:Shopify/toxiproxy"."platforms.linux-x64"]
checksum = "sha256:556d891134a3c582dc1e1a3f7335fd55142e5965769855a00b944e13e48302fc"
url = "https://github.com/Shopify/toxiproxy/releases/download/v2.12.0/toxiproxy-server-linux-amd64"
url_api = "https://api.github.com/repos/Shopify/toxiproxy/releases/assets/238542951"

[tools."github:Shopify/toxiproxy"."platforms.macos-arm64"]
checksum = "sha256:aa299966b52f16a8594f1cd0d1e9049dc2e8fe2c04a90c19860e2719b2b95d15"
url = "https://github.com/Shopify/toxiproxy/releases/download/v2.12.0/toxiproxy-server-darwin-arm64"
url_api = "https://api.github.com/repos/Shopify/toxiproxy/releases/assets/238543039"

[tools."github:Shopify/toxiproxy"."platforms.macos-x64"]
checksum = "sha256:9625bba4bd96117eedae49f982aba4c2f462b268dd406c9ff18186f9b1ef8afe"
url = "https://github.com/Shopify/toxiproxy/releases/download/v2.12.0/toxiproxy-server-darwin-amd64"
url_api = "https://api.github.com/repos/Shopify/toxiproxy/releases/assets/238542978"

[tools."github:Shopify/toxiproxy"."platforms.windows-arm64"]
checksum = "sha256:1a9842b00ad7bcd506d359c29c5f93177f93b7190cca4f4c54b5c01a1b7da3de"
url = "https://github.com/Shopify/toxiproxy/releases/download/v2.12.0/toxiproxy-server-freebsd-arm64"
url_api = "https://api.github.com/repos/Shopify/toxiproxy/releases/assets/238543051"

[tools."github:Shopify/toxiproxy"."platforms.windows-x64"]
checksum = "sha256:e32f4cb58e62e844d4b5d47613525a5bdeea15c39fa22c9f413c756275ac0ba8"
url = "https://github.com/Shopify/toxiproxy/releases/download/v2.12.0/toxiproxy-server-windows-amd64.exe"
url_api = "https://api.github.com/repos/Shopify/toxiproxy/releases/assets/238543059"

[[tools."github:knope-dev/knope"]]
version = "0.23.0"
backend = "github:knope-dev/knope"

[tools."github:knope-dev/knope".options]
version_prefix = "knope/v"

[tools."github:knope-dev/knope"."platforms.linux-arm64"]
checksum = "sha256:c68758b1c3b007367ea40c22b1b1b052720557215935af09677d1561039698b4"
url = "https://github.com/knope-dev/knope/releases/download/knope/v0.23.0/knope-aarch64-unknown-linux-musl.tgz"
url_api = "https://api.github.com/repos/knope-dev/knope/releases/assets/428748410"

[tools."github:knope-dev/knope"."platforms.linux-x64"]
checksum = "sha256:76a970a5e237344abc14be3de37ed50c021b659a9b66b3f54afc77e6d48ac501"
url = "https://github.com/knope-dev/knope/releases/download/knope/v0.23.0/knope-x86_64-unknown-linux-musl.tgz"
url_api = "https://api.github.com/repos/knope-dev/knope/releases/assets/428748411"

[tools."github:knope-dev/knope"."platforms.macos-arm64"]
checksum = "sha256:a6e231cc7f02032c5b49ad14149c7d11fd48f0e244f9fb48d5c4c47ffb0e3863"
url = "https://github.com/knope-dev/knope/releases/download/knope/v0.23.0/knope-aarch64-apple-darwin.tgz"
url_api = "https://api.github.com/repos/knope-dev/knope/releases/assets/428748409"

[tools."github:knope-dev/knope"."platforms.macos-x64"]
checksum = "sha256:e403b5be532fb77238b9489555bc61ccb36ea4b4c7efc0dde1f5e5290067babe"
url = "https://github.com/knope-dev/knope/releases/download/knope/v0.23.0/knope-x86_64-apple-darwin.tgz"
url_api = "https://api.github.com/repos/knope-dev/knope/releases/assets/428748407"

[tools."github:knope-dev/knope"."platforms.windows-x64"]
checksum = "sha256:7624eaeaf4758bf94729ab2e0bc4ea11e52972eee1bcd581630212eba335fbb0"
url = "https://github.com/knope-dev/knope/releases/download/knope/v0.23.0/knope-x86_64-pc-windows-msvc.tgz"
url_api = "https://api.github.com/repos/knope-dev/knope/releases/assets/428748408"

[[tools."github:leptos-rs/cargo-leptos"]]
version = "0.3.9"
backend = "github:leptos-rs/cargo-leptos"

[tools."github:leptos-rs/cargo-leptos"."platforms.linux-arm64"]
checksum = "sha256:91461f8f8200b46eba94975b134d035604cbf9cd800231245e8a123c305e2ad5"
url = "https://github.com/leptos-rs/cargo-leptos/releases/download/v0.3.9/cargo-leptos-aarch64-unknown-linux-gnu.tar.gz"
url_api = "https://api.github.com/repos/leptos-rs/cargo-leptos/releases/assets/573260874"

[tools."github:leptos-rs/cargo-leptos"."platforms.linux-x64"]
checksum = "sha256:35657e0ada6a026389cfffe2c22ca8eacee46250c27fe88b869955fe17a3d05f"
url = "https://github.com/leptos-rs/cargo-leptos/releases/download/v0.3.9/cargo-leptos-x86_64-unknown-linux-gnu.tar.gz"
url_api = "https://api.github.com/repos/leptos-rs/cargo-leptos/releases/assets/573260923"

[tools."github:leptos-rs/cargo-leptos"."platforms.macos-arm64"]
checksum = "sha256:eb740a4d502b9cee79c4a13e4f4de6e2037f39be1bb8d4ec066238ba232c5c14"
url = "https://github.com/leptos-rs/cargo-leptos/releases/download/v0.3.9/cargo-leptos-aarch64-apple-darwin.tar.gz"
url_api = "https://api.github.com/repos/leptos-rs/cargo-leptos/releases/assets/573260872"

[tools."github:leptos-rs/cargo-leptos"."platforms.macos-x64"]
checksum = "sha256:7b9b5f5edf1e9ad4bdf3fc3c685c0185fb32fe0587acf8ee3d558fe760216964"
url = "https://github.com/leptos-rs/cargo-leptos/releases/download/v0.3.9/cargo-leptos-x86_64-apple-darwin.tar.gz"
url_api = "https://api.github.com/repos/leptos-rs/cargo-leptos/releases/assets/573260903"

[tools."github:leptos-rs/cargo-leptos"."platforms.windows-x64"]
checksum = "sha256:12e9f92ac71de294d24dfdc341c93524c3c7972b323ce8a4b968377a13ce160f"
url = "https://github.com/leptos-rs/cargo-leptos/releases/download/v0.3.9/cargo-leptos-x86_64-pc-windows-msvc.tar.gz"
url_api = "https://api.github.com/repos/leptos-rs/cargo-leptos/releases/assets/573260924"

[[tools."github:nextest-rs/nextest"]]
version = "0.9.146"
backend = "github:nextest-rs/nextest"

[tools."github:nextest-rs/nextest".options]
version_prefix = "cargo-nextest-"

[tools."github:nextest-rs/nextest"."platforms.linux-arm64"]
checksum = "sha256:b2e33d7c72de7ade0ff7b3a948ac37516b24f8a836b7a8870c1f634a94be9de9"
url = "https://github.com/nextest-rs/nextest/releases/download/cargo-nextest-0.9.146/cargo-nextest-0.9.146-aarch64-unknown-linux-gnu.tar.gz"
url_api = "https://api.github.com/repos/nextest-rs/nextest/releases/assets/579608024"
provenance = "github-attestations"

[tools."github:nextest-rs/nextest"."platforms.linux-x64"]
checksum = "sha256:682c21b777c333e96fd532e114d3a5a894e0729ab88d94c0a9f20f8419695428"
url = "https://github.com/nextest-rs/nextest/releases/download/cargo-nextest-0.9.146/cargo-nextest-0.9.146-x86_64-unknown-linux-gnu.tar.gz"
url_api = "https://api.github.com/repos/nextest-rs/nextest/releases/assets/579609342"
provenance = "github-attestations"

[tools."github:nextest-rs/nextest"."platforms.macos-arm64"]
checksum = "sha256:39785160b3c2f6ed9a765049cf4fa79f3b39aa02eb7598a5a0e2a1a0b9ffb9a8"
url = "https://github.com/nextest-rs/nextest/releases/download/cargo-nextest-0.9.146/cargo-nextest-0.9.146-universal-apple-darwin.tar.gz"
url_api = "https://api.github.com/repos/nextest-rs/nextest/releases/assets/579630774"
provenance = "github-attestations"

[tools."github:nextest-rs/nextest"."platforms.macos-x64"]
checksum = "sha256:39785160b3c2f6ed9a765049cf4fa79f3b39aa02eb7598a5a0e2a1a0b9ffb9a8"
url = "https://github.com/nextest-rs/nextest/releases/download/cargo-nextest-0.9.146/cargo-nextest-0.9.146-universal-apple-darwin.tar.gz"
url_api = "https://api.github.com/repos/nextest-rs/nextest/releases/assets/579630774"
provenance = "github-attestations"

[tools."github:nextest-rs/nextest"."platforms.windows-arm64"]
checksum = "sha256:8a071bd8190b287863c8aaa0b20fc56485f9190f0fc02206f48a0b0af4416de4"
url = "https://github.com/nextest-rs/nextest/releases/download/cargo-nextest-0.9.146/cargo-nextest-0.9.146-aarch64-pc-windows-msvc.zip"
url_api = "https://api.github.com/repos/nextest-rs/nextest/releases/assets/579619938"
provenance = "github-attestations"

[tools."github:nextest-rs/nextest"."platforms.windows-x64"]
checksum = "sha256:0fa689815c8157e4633225b6b173184b3d546eb6ffb754c3d0e6ea5973284a20"
url = "https://github.com/nextest-rs/nextest/releases/download/cargo-nextest-0.9.146/cargo-nextest-0.9.146-x86_64-pc-windows-msvc.zip"
url_api = "https://api.github.com/repos/nextest-rs/nextest/releases/assets/579617054"
provenance = "github-attestations"

[[tools."github:obi1kenobi/cargo-semver-checks"]]
version = "0.50.0"
backend = "github:obi1kenobi/cargo-semver-checks"

[tools."github:obi1kenobi/cargo-semver-checks"."platforms.linux-arm64"]
checksum = "sha256:e35f435ea322659381f52e7034bb4f0470108f5b267d29f13cf08152fa4af29b"
url = "https://github.com/obi1kenobi/cargo-semver-checks/releases/download/v0.50.0/cargo-semver-checks-aarch64-unknown-linux-gnu.tar.gz"
url_api = "https://api.github.com/repos/obi1kenobi/cargo-semver-checks/releases/assets/498086634"

[tools."github:obi1kenobi/cargo-semver-checks"."platforms.linux-x64"]
checksum = "sha256:52a65dc88dc53fa8b57d6087954eb52cda149ca03bcfca78ce3fdecd23f893c4"
url = "https://github.com/obi1kenobi/cargo-semver-checks/releases/download/v0.50.0/cargo-semver-checks-x86_64-unknown-linux-gnu.tar.gz"
url_api = "https://api.github.com/repos/obi1kenobi/cargo-semver-checks/releases/assets/498085744"

[tools."github:obi1kenobi/cargo-semver-checks"."platforms.macos-arm64"]
checksum = "sha256:f99f928d67501c29e8410026f27a54cf799fb13611c3b4a6a58f2772cf7e3799"
url = "https://github.com/obi1kenobi/cargo-semver-checks/releases/download/v0.50.0/cargo-semver-checks-aarch64-apple-darwin.tar.gz"
url_api = "https://api.github.com/repos/obi1kenobi/cargo-semver-checks/releases/assets/498087281"

[tools."github:obi1kenobi/cargo-semver-checks"."platforms.macos-x64"]
checksum = "sha256:e320f7368a3d37a96d6509c0d5dd1d69bde4e8ef5fcb76d60b5a5a0ae4b755be"
url = "https://github.com/obi1kenobi/cargo-semver-checks/releases/download/v0.50.0/cargo-semver-checks-x86_64-apple-darwin.tar.gz"
url_api = "https://api.github.com/repos/obi1kenobi/cargo-semver-checks/releases/assets/498086502"

[tools."github:obi1kenobi/cargo-semver-checks"."platforms.windows-x64"]
checksum = "sha256:58854aaeaf84fee3266d1b4d9c45df585fe0478c7cabb4db4fac8f060a636864"
url = "https://github.com/obi1kenobi/cargo-semver-checks/releases/download/v0.50.0/cargo-semver-checks-x86_64-pc-windows-msvc.zip"
url_api = "https://api.github.com/repos/obi1kenobi/cargo-semver-checks/releases/assets/498090877"

[[tools."github:project-zot/zot"]]
version = "2.1.21"
backend = "github:project-zot/zot"

[tools."github:project-zot/zot".options]
matching_regex = "^zot-(darwin|linux)-(amd64|arm64)$"

[tools."github:project-zot/zot"."platforms.linux-arm64"]
checksum = "sha256:49e1f948af8e5c6ed5c803bad4508cf7af37be6c15b7fb2840109900b916eb48"
url = "https://github.com/project-zot/zot/releases/download/v2.1.21/zot-linux-arm64"
url_api = "https://api.github.com/repos/project-zot/zot/releases/assets/547549970"

[tools."github:project-zot/zot"."platforms.linux-x64"]
checksum = "sha256:8751cc0daf739634835a3bd8206e3094c84d552e2c462e4a4baf80f40dd92685"
url = "https://github.com/project-zot/zot/releases/download/v2.1.21/zot-linux-amd64"
url_api = "https://api.github.com/repos/project-zot/zot/releases/assets/547550400"

[tools."github:project-zot/zot"."platforms.macos-arm64"]
checksum = "sha256:85c3294952c2abd3095531369e522e75cfb9c01337c3087ae7a0061518c42d0b"
url = "https://github.com/project-zot/zot/releases/download/v2.1.21/zot-darwin-arm64"
url_api = "https://api.github.com/repos/project-zot/zot/releases/assets/547549911"

[tools."github:project-zot/zot"."platforms.macos-x64"]
checksum = "sha256:0c07b50e7f99df38702b115f6f648aab4072ec7b2ff1d4c343e88c011a1471a2"
url = "https://github.com/project-zot/zot/releases/download/v2.1.21/zot-darwin-amd64"
url_api = "https://api.github.com/repos/project-zot/zot/releases/assets/547550235"

[[tools.jq]]
version = "1.8.2"
backend = "aqua:jqlang/jq"

[tools.jq."platforms.linux-arm64"]
checksum = "sha256:8b85c817833814ddca00a144c33705546355afccf0cf39b188f3cdb48b852309"
url = "https://github.com/jqlang/jq/releases/download/jq-1.8.2/jq-linux-arm64"
url_api = "https://api.github.com/repos/jqlang/jq/releases/assets/453012756"
provenance = "github-attestations"

[tools.jq."platforms.linux-x64"]
checksum = "sha256:b1c22172dd303f3be49e935aa56aa48a8b7a46e0bc838b4997d3bb451495870f"
url = "https://github.com/jqlang/jq/releases/download/jq-1.8.2/jq-linux-amd64"
url_api = "https://api.github.com/repos/jqlang/jq/releases/assets/453012752"
provenance = "github-attestations"

[tools.jq."platforms.macos-arm64"]
checksum = "sha256:2d75340ba57a4b4b4c8708a21c2dc8e958a48aaa8bba13b27f77f6e4c0eca07e"
url = "https://github.com/jqlang/jq/releases/download/jq-1.8.2/jq-macos-arm64"
url_api = "https://api.github.com/repos/jqlang/jq/releases/assets/453012783"
provenance = "github-attestations"

[tools.jq."platforms.macos-x64"]
checksum = "sha256:e94b266e3c26690550006abe63152b782280f4e14374accdf04cbde844f00bc0"
url = "https://github.com/jqlang/jq/releases/download/jq-1.8.2/jq-macos-amd64"
url_api = "https://api.github.com/repos/jqlang/jq/releases/assets/453012782"
provenance = "github-attestations"

[tools.jq."platforms.windows-arm64"]
checksum = "sha256:a6fc67fedaf9128a3309a1e2ebb8b986aeccf70122ee46d2cb4849e423f0c627"
url = "https://github.com/jqlang/jq/releases/download/jq-1.8.2/jq-windows-amd64.exe"
url_api = "https://api.github.com/repos/jqlang/jq/releases/assets/453012788"
provenance = "github-attestations"

[tools.jq."platforms.windows-x64"]
checksum = "sha256:a6fc67fedaf9128a3309a1e2ebb8b986aeccf70122ee46d2cb4849e423f0c627"
url = "https://github.com/jqlang/jq/releases/download/jq-1.8.2/jq-windows-amd64.exe"
url_api = "https://api.github.com/repos/jqlang/jq/releases/assets/453012788"
provenance = "github-attestations"

[[tools.just]]
version = "1.58.0"
backend = "aqua:casey/just"

[tools.just."platforms.linux-arm64"]
checksum = "sha256:748237128c4c40cbdabc65e841d05ceba13cc23a91eaba395495894c1d9764df"
url = "https://github.com/casey/just/releases/download/1.58.0/just-1.58.0-aarch64-unknown-linux-musl.tar.gz"
url_api = "https://api.github.com/repos/casey/just/releases/assets/500510099"

[tools.just."platforms.linux-x64"]
checksum = "sha256:4a5cc2f53e6f0f8c59092a6cc38291eb729d46a7dd95d3ae582008881b84931d"
url = "https://github.com/casey/just/releases/download/1.58.0/just-1.58.0-x86_64-unknown-linux-musl.tar.gz"
url_api = "https://api.github.com/repos/casey/just/releases/assets/500509978"

[tools.just."platforms.macos-arm64"]
checksum = "sha256:50ae3e996c974a0bf32ea7d10f495070df33f1b43e0616b2769e3d4821ed8f48"
url = "https://github.com/casey/just/releases/download/1.58.0/just-1.58.0-aarch64-apple-darwin.tar.gz"
url_api = "https://api.github.com/repos/casey/just/releases/assets/500509965"

[tools.just."platforms.macos-x64"]
checksum = "sha256:9a09cfef66aaa79da58203970103a0684307716caaabd3e9844cacc4dc0f4023"
url = "https://github.com/casey/just/releases/download/1.58.0/just-1.58.0-x86_64-apple-darwin.tar.gz"
url_api = "https://api.github.com/repos/casey/just/releases/assets/500510084"

[tools.just."platforms.windows-arm64"]
checksum = "sha256:759f16fb7aa17c5c8b9594b6d4a8c1a6630dfd042cf2b3ff84841454d3d188dc"
url = "https://github.com/casey/just/releases/download/1.58.0/just-1.58.0-x86_64-pc-windows-msvc.zip"
url_api = "https://api.github.com/repos/casey/just/releases/assets/500511374"

[tools.just."platforms.windows-x64"]
checksum = "sha256:759f16fb7aa17c5c8b9594b6d4a8c1a6630dfd042cf2b3ff84841454d3d188dc"
url = "https://github.com/casey/just/releases/download/1.58.0/just-1.58.0-x86_64-pc-windows-msvc.zip"
url_api = "https://api.github.com/repos/casey/just/releases/assets/500511374"

[[tools.maturin]]
version = "1.15.0"
backend = "github:PyO3/maturin"

[tools.maturin."platforms.linux-arm64"]
checksum = "sha256:cd287a2c9dc69ab559670d245bfc9d3f5b0c9f184aa98ad0d8f826abc90c78dd"
url = "https://github.com/PyO3/maturin/releases/download/v1.15.0/maturin-aarch64-unknown-linux-musl.tar.gz"
url_api = "https://api.github.com/repos/PyO3/maturin/releases/assets/527562231"
provenance = "github-attestations"

[tools.maturin."platforms.linux-x64"]
checksum = "sha256:5a7d5226e83598b0c85881a0a03be16393ee2c0924b6f9d752951795825ac806"
url = "https://github.com/PyO3/maturin/releases/download/v1.15.0/maturin-x86_64-unknown-linux-musl.tar.gz"
url_api = "https://api.github.com/repos/PyO3/maturin/releases/assets/527562222"
provenance = "github-attestations"

[tools.maturin."platforms.macos-arm64"]
checksum = "sha256:d7a9ce82389e75aeaef8fdda43d35dbc956fac6a4b143a4c7b447b6ffadc7eaf"
url = "https://github.com/PyO3/maturin/releases/download/v1.15.0/maturin-aarch64-apple-darwin.tar.gz"
url_api = "https://api.github.com/repos/PyO3/maturin/releases/assets/527562235"
provenance = "github-attestations"
provenance_verified = true

[tools.maturin."platforms.macos-x64"]
checksum = "sha256:d72809b92806a53bdc22074aeedc83af66f8bdb391e2c60bc72547c40ec10629"
url = "https://github.com/PyO3/maturin/releases/download/v1.15.0/maturin-x86_64-apple-darwin.tar.gz"
url_api = "https://api.github.com/repos/PyO3/maturin/releases/assets/527562233"
provenance = "github-attestations"

[tools.maturin."platforms.windows-arm64"]
checksum = "sha256:bbb9361d2101039a81423cd3d66d6b3e94365640104bb553ee25591989010953"
url = "https://github.com/PyO3/maturin/releases/download/v1.15.0/maturin-aarch64-pc-windows-msvc.zip"
url_api = "https://api.github.com/repos/PyO3/maturin/releases/assets/527562225"
provenance = "github-attestations"

[tools.maturin."platforms.windows-x64"]
checksum = "sha256:c645dc55f848205210552e77f744685c90c35ae81fd03e47a9887ebdc8ae8299"
url = "https://github.com/PyO3/maturin/releases/download/v1.15.0/maturin-x86_64-pc-windows-msvc.zip"
url_api = "https://api.github.com/repos/PyO3/maturin/releases/assets/527562239"
provenance = "github-attestations"

[[tools.node]]
version = "26.10.0"
backend = "core:node"

[tools.node."platforms.linux-arm64"]
checksum = "sha256:423a41bff8e2a2fa15e702fefe2919ef95823b2378744daccb8439302534b44f"
url = "https://nodejs.org/dist/v26.10.0/node-v26.10.0-linux-arm64.tar.gz"

[tools.node."platforms.linux-x64"]
checksum = "sha256:cb5c9ce9c80d7b8821e3a258543c71b939138cf17c74d5cc44bbe85d6dbc5ad8"
url = "https://nodejs.org/dist/v26.10.0/node-v26.10.0-linux-x64.tar.gz"

[tools.node."platforms.macos-arm64"]
checksum = "sha256:751fdf7439f115d87ee2a8f3f18c065b6151852068e3e666ac60ac2996f75ac9"
url = "https://nodejs.org/dist/v26.10.0/node-v26.10.0-darwin-arm64.tar.gz"

[tools.node."platforms.macos-x64"]
checksum = "sha256:ebbe9ab9b58ad6bb54390d6e2c862c1afa7d4475fb7e8ae8146acde211bf70df"
url = "https://nodejs.org/dist/v26.10.0/node-v26.10.0-darwin-x64.tar.gz"

[tools.node."platforms.windows-arm64"]
checksum = "sha256:b778640d7271566bcaa9679912cdf0684c13e824c114e41a8b696fb14af7a7aa"
url = "https://nodejs.org/dist/v26.10.0/node-v26.10.0-win-arm64.zip"

[tools.node."platforms.windows-x64"]
checksum = "sha256:9fef7eca6743a6b910989cd8e78712376b394fcb9b6e1e9c44a0799a287f90c5"
url = "https://nodejs.org/dist/v26.10.0/node-v26.10.0-win-x64.zip"

[[tools.prek]]
version = "0.5.3"
backend = "aqua:j178/prek"

[tools.prek."platforms.linux-arm64"]
checksum = "sha256:4cfc936895e8b4e1e2f92daca61bb7c8eb123bac14585ba9f706b599776cdcc8"
url = "https://github.com/j178/prek/releases/download/v0.5.3/prek-aarch64-unknown-linux-gnu.tar.gz"
url_api = "https://api.github.com/repos/j178/prek/releases/assets/560889195"
provenance = "github-attestations"

[tools.prek."platforms.linux-x64"]
checksum = "sha256:c1475ddc56df0003c780557d9b52273d9eb19c9ef8d91143f3ce03511182a36e"
url = "https://github.com/j178/prek/releases/download/v0.5.3/prek-x86_64-unknown-linux-gnu.tar.gz"
url_api = "https://api.github.com/repos/j178/prek/releases/assets/560889224"
provenance = "github-attestations"

[tools.prek."platforms.macos-arm64"]
checksum = "sha256:6006cc4e69cfc86d55f4e407ca60ba960a521befa54fece94038639b1f4de381"
url = "https://github.com/j178/prek/releases/download/v0.5.3/prek-aarch64-apple-darwin.tar.gz"
url_api = "https://api.github.com/repos/j178/prek/releases/assets/560889174"
provenance = "github-attestations"

[tools.prek."platforms.macos-x64"]
checksum = "sha256:874f05d12e7cb672758295b5253dfd05aadad3c2bcaa42ae712b917294629b07"
url = "https://github.com/j178/prek/releases/download/v0.5.3/prek-x86_64-apple-darwin.tar.gz"
url_api = "https://api.github.com/repos/j178/prek/releases/assets/560889217"
provenance = "github-attestations"

[tools.prek."platforms.windows-arm64"]
checksum = "sha256:394ab47d1c42f2d563a995814291913105a21cccd070501e32052fb5b5cc8b40"
url = "https://github.com/j178/prek/releases/download/v0.5.3/prek-aarch64-pc-windows-msvc.zip"
url_api = "https://api.github.com/repos/j178/prek/releases/assets/560889177"
provenance = "github-attestations"

[tools.prek."platforms.windows-x64"]
checksum = "sha256:c15a5636bf93a3937507d8da2302b074b0946b3d35882471b002ea93586728d8"
url = "https://github.com/j178/prek/releases/download/v0.5.3/prek-x86_64-pc-windows-msvc.zip"
url_api = "https://api.github.com/repos/j178/prek/releases/assets/560889220"
provenance = "github-attestations"

[[tools.sccache]]
version = "0.18.0"
backend = "aqua:mozilla/sccache"

[tools.sccache."platforms.linux-arm64"]
checksum = "sha256:2b3284d5da3b46a47dc4229e75bb7b88ac4aa99c8d754fb7d2f84997e5a4354a"
url = "https://github.com/mozilla/sccache/releases/download/v0.18.0/sccache-v0.18.0-aarch64-unknown-linux-musl.tar.gz"
url_api = "https://api.github.com/repos/mozilla/sccache/releases/assets/563129830"

[tools.sccache."platforms.linux-x64"]
checksum = "sha256:45f1447fbe231e3037bde351ef70677dd212216c8d62ae7ca409fecc4d6acc89"
url = "https://github.com/mozilla/sccache/releases/download/v0.18.0/sccache-v0.18.0-x86_64-unknown-linux-musl.tar.gz"
url_api = "https://api.github.com/repos/mozilla/sccache/releases/assets/563130201"

[tools.sccache."platforms.macos-arm64"]
checksum = "sha256:308184519b646f5125289e8515b36f6ca65a13a041923994aebe702348674e8e"
url = "https://github.com/mozilla/sccache/releases/download/v0.18.0/sccache-v0.18.0-aarch64-apple-darwin.tar.gz"
url_api = "https://api.github.com/repos/mozilla/sccache/releases/assets/563129740"

[tools.sccache."platforms.macos-x64"]
checksum = "sha256:1dade83cc49eeb42337565eccd534b05982820a8e44b851bd7937467a18c7aef"
url = "https://github.com/mozilla/sccache/releases/download/v0.18.0/sccache-v0.18.0-x86_64-apple-darwin.tar.gz"
url_api = "https://api.github.com/repos/mozilla/sccache/releases/assets/563130112"

[tools.sccache."platforms.windows-arm64"]
checksum = "sha256:9c1f3ecaeeae2e69171ff704867aa99813d2d68ae4d172dd34b11a07037ddd27"
url = "https://github.com/mozilla/sccache/releases/download/v0.18.0/sccache-v0.18.0-aarch64-pc-windows-msvc.tar.gz"
url_api = "https://api.github.com/repos/mozilla/sccache/releases/assets/563129789"

[tools.sccache."platforms.windows-x64"]
checksum = "sha256:1a63c1be2beab3f04d27e4cc145443e092e02d3dd83a51030989829d7023091b"
url = "https://github.com/mozilla/sccache/releases/download/v0.18.0/sccache-v0.18.0-x86_64-pc-windows-msvc.tar.gz"
url_api = "https://api.github.com/repos/mozilla/sccache/releases/assets/563130158"

[[tools.uv]]
version = "0.12.19"
backend = "aqua:astral-sh/uv"

[tools.uv."platforms.linux-arm64"]
checksum = "sha256:0804e9b164c64b6914182d5920c08551958a095986f10a3731056df701126436"
url = "https://github.com/astral-sh/uv/releases/download/0.12.19/uv-aarch64-unknown-linux-gnu.tar.gz"
url_api = "https://api.github.com/repos/astral-sh/uv/releases/assets/587158851"
provenance = "github-attestations"

[tools.uv."platforms.linux-x64"]
checksum = "sha256:23bf5552d220e0842b65c862097b2ebaeba0064b74eda5e565e77fd25969d8c8"
url = "https://github.com/astral-sh/uv/releases/download/0.12.19/uv-x86_64-unknown-linux-gnu.tar.gz"
url_api = "https://api.github.com/repos/astral-sh/uv/releases/assets/587159011"
provenance = "github-attestations"

[tools.uv."platforms.macos-arm64"]
checksum = "sha256:a9a8df1eedeb192f2e47e40e2faabfb387db4b850209118786d42f89dde3e0ba"
url = "https://github.com/astral-sh/uv/releases/download/0.12.19/uv-aarch64-apple-darwin.tar.gz"
url_api = "https://api.github.com/repos/astral-sh/uv/releases/assets/587158826"
provenance = "github-attestations"

[tools.uv."platforms.macos-x64"]
checksum = "sha256:cb5fa57bafe68fc0fb94b17f06bee0b0b9a7feb94ccbd110445afa0696e39273"
url = "https://github.com/astral-sh/uv/releases/download/0.12.19/uv-x86_64-apple-darwin.tar.gz"
url_api = "https://api.github.com/repos/astral-sh/uv/releases/assets/587158992"
provenance = "github-attestations"

[tools.uv."platforms.windows-arm64"]
checksum = "sha256:6dbb02d79e419522f1c500f0adb1cddcff0cda7d59b0d66ea7f5e3b4a1b2f5f0"
url = "https://github.com/astral-sh/uv/releases/download/0.12.19/uv-x86_64-pc-windows-msvc.zip"
url_api = "https://api.github.com/repos/astral-sh/uv/releases/assets/587159002"
provenance = "github-attestations"

[tools.uv."platforms.windows-x64"]
checksum = "sha256:6dbb02d79e419522f1c500f0adb1cddcff0cda7d59b0d66ea7f5e3b4a1b2f5f0"
url = "https://github.com/astral-sh/uv/releases/download/0.12.19/uv-x86_64-pc-windows-msvc.zip"
url_api = "https://api.github.com/repos/astral-sh/uv/releases/assets/587159002"
provenance = "github-attestations"

[[tools.zig]]
version = "0.16.0"
backend = "core:zig"

[tools.zig."platforms.linux-arm64"]
checksum = "sha256:ea4b09bfb22ec6f6c6ceac57ab63efb6b46e17ab08d21f69f3a48b38e1534f17"
url = "https://ziglang.org/download/0.16.0/zig-aarch64-linux-0.16.0.tar.xz"

[tools.zig."platforms.linux-x64"]
checksum = "sha256:70e49664a74374b48b51e6f3fdfbf437f6395d42509050588bd49abe52ba3d00"
url = "https://ziglang.org/download/0.16.0/zig-x86_64-linux-0.16.0.tar.xz"

[tools.zig."platforms.macos-arm64"]
checksum = "sha256:b23d70deaa879b5c2d486ed3316f7eaa53e84acf6fc9cc747de152450d401489"
url = "https://ziglang.org/download/0.16.0/zig-aarch64-macos-0.16.0.tar.xz"
provenance = "minisign"

[tools.zig."platforms.macos-x64"]
checksum = "sha256:0387557ed1877bc6a2e1802c8391953baddba76081876301c522f52977b52ba7"
url = "https://ziglang.org/download/0.16.0/zig-x86_64-macos-0.16.0.tar.xz"

[tools.zig."platforms.windows-arm64"]
checksum = "sha256:aee38316ee4111717900f45dd3130145c39289e105541d737eb8c5ed653c78ef"
url = "https://ziglang.org/download/0.16.0/zig-aarch64-windows-0.16.0.zip"

[tools.zig."platforms.windows-x64"]
checksum = "sha256:68659eb5f1e4eb1437a722f1dd889c5a322c9954607f5edcf337bc3684a75a7e"
url = "https://ziglang.org/download/0.16.0/zig-x86_64-windows-0.16.0.zip"

[[tools.zola]]
version = "0.23.6"
backend = "aqua:getzola/zola"

[tools.zola."platforms.linux-arm64"]
checksum = "sha256:266448fffbf7c7004ca399d0e76dd699541771096d8a42aede98cebe2a029d02"
url = "https://github.com/getzola/zola/releases/download/v0.23.6/zola-v0.23.6-aarch64-unknown-linux-gnu.tar.gz"
url_api = "https://api.github.com/repos/getzola/zola/releases/assets/560029424"
provenance = "github-attestations"

[tools.zola."platforms.linux-x64"]
checksum = "sha256:8f5132b3522412d04e395e0b25f6d68613ad272a873e54a2b3ebf664873024a4"
url = "https://github.com/getzola/zola/releases/download/v0.23.6/zola-v0.23.6-x86_64-unknown-linux-gnu.tar.gz"
url_api = "https://api.github.com/repos/getzola/zola/releases/assets/560029419"
provenance = "github-attestations"

[tools.zola."platforms.macos-arm64"]
checksum = "sha256:cbffbd29b3f59c3f52633507c8cb945a7a02d8b1399b43b235f5932912297aa3"
url = "https://github.com/getzola/zola/releases/download/v0.23.6/zola-v0.23.6-aarch64-apple-darwin.tar.gz"
url_api = "https://api.github.com/repos/getzola/zola/releases/assets/560029425"
provenance = "github-attestations"

[tools.zola."platforms.macos-x64"]
checksum = "sha256:79a4d0ab51a4d863c068e6e594c6fce36f0aa17429a414ea63066f5910d14460"
url = "https://github.com/getzola/zola/releases/download/v0.23.6/zola-v0.23.6-x86_64-apple-darwin.tar.gz"
url_api = "https://api.github.com/repos/getzola/zola/releases/assets/560029423"
provenance = "github-attestations"

[tools.zola."platforms.windows-arm64"]
checksum = "sha256:79179284f816febc281adbedb27189806cf22f83e8be4d0fca6835fbeeb09587"
url = "https://github.com/getzola/zola/releases/download/v0.23.6/zola-v0.23.6-x86_64-pc-windows-msvc.zip"
url_api = "https://api.github.com/repos/getzola/zola/releases/assets/560029421"
provenance = "github-attestations"

[tools.zola."platforms.windows-x64"]
checksum = "sha256:79179284f816febc281adbedb27189806cf22f83e8be4d0fca6835fbeeb09587"
url = "https://github.com/getzola/zola/releases/download/v0.23.6/zola-v0.23.6-x86_64-pc-windows-msvc.zip"
url_api = "https://api.github.com/repos/getzola/zola/releases/assets/560029421"
provenance = "github-attestations"
