# @generated - this file is auto-generated by `mise lock` https://mise.jdx.dev/dev-tools/mise-lock.html

[[tools."aqua:EmbarkStudios/cargo-deny"]]
version = "0.20.2"
backend = "aqua:EmbarkStudios/cargo-deny"

[tools."aqua:EmbarkStudios/cargo-deny"."platforms.linux-arm64"]
checksum = "sha256:995c82be0defc7a025cae49a2aa2644ce8245c9a3318fc4103907c6a285e8c7d"
url = "https://github.com/EmbarkStudios/cargo-deny/releases/download/0.20.2/cargo-deny-0.20.2-aarch64-unknown-linux-musl.tar.gz"
url_api = "https://api.github.com/repos/EmbarkStudios/cargo-deny/releases/assets/471598345"

[tools."aqua:EmbarkStudios/cargo-deny"."platforms.linux-x64"]
checksum = "sha256:9f12ed4c49936e09b48bf862b595cde2fe64fcbd9d74dfacac6131ca824c8d5f"
url = "https://github.com/EmbarkStudios/cargo-deny/releases/download/0.20.2/cargo-deny-0.20.2-x86_64-unknown-linux-musl.tar.gz"
url_api = "https://api.github.com/repos/EmbarkStudios/cargo-deny/releases/assets/471598214"

[tools."aqua:EmbarkStudios/cargo-deny"."platforms.macos-arm64"]
checksum = "sha256:fe67d82a10d8597a3549364cb733a3f9cc1bfff9031b7ae46384a9f2a72090c3"
url = "https://github.com/EmbarkStudios/cargo-deny/releases/download/0.20.2/cargo-deny-0.20.2-aarch64-apple-darwin.tar.gz"
url_api = "https://api.github.com/repos/EmbarkStudios/cargo-deny/releases/assets/471597689"

[tools."aqua:EmbarkStudios/cargo-deny"."platforms.macos-x64"]
checksum = "sha256:248da7f581724e470071990c088ffc55c811981715f4cbdb258621fb79f8b7a6"
url = "https://github.com/EmbarkStudios/cargo-deny/releases/download/0.20.2/cargo-deny-0.20.2-x86_64-apple-darwin.tar.gz"
url_api = "https://api.github.com/repos/EmbarkStudios/cargo-deny/releases/assets/471598357"

[tools."aqua:EmbarkStudios/cargo-deny"."platforms.windows-arm64"]
checksum = "sha256:975a22143262fd27476d19ee00c7af67978426e40e1dee94eed6bbade1cf87dc"
url = "https://github.com/EmbarkStudios/cargo-deny/releases/download/0.20.2/cargo-deny-0.20.2-x86_64-pc-windows-msvc.tar.gz"
url_api = "https://api.github.com/repos/EmbarkStudios/cargo-deny/releases/assets/471599057"

[tools."aqua:EmbarkStudios/cargo-deny"."platforms.windows-x64"]
checksum = "sha256:975a22143262fd27476d19ee00c7af67978426e40e1dee94eed6bbade1cf87dc"
url = "https://github.com/EmbarkStudios/cargo-deny/releases/download/0.20.2/cargo-deny-0.20.2-x86_64-pc-windows-msvc.tar.gz"
url_api = "https://api.github.com/repos/EmbarkStudios/cargo-deny/releases/assets/471599057"

[[tools."aqua:axodotdev/cargo-dist"]]
version = "0.32.0"
backend = "aqua:axodotdev/cargo-dist"

[tools."aqua:axodotdev/cargo-dist"."platforms.linux-arm64"]
checksum = "sha256:d29bcffeb3f8b0c517b4ce0dd2470926ed5cb0bb29d78c6bdd5f88d76ee14a6a"
url = "https://github.com/axodotdev/cargo-dist/releases/download/v0.32.0/cargo-dist-aarch64-unknown-linux-gnu.tar.xz"
url_api = "https://api.github.com/repos/axodotdev/cargo-dist/releases/assets/426804449"
provenance = "github-attestations"

[tools."aqua:axodotdev/cargo-dist"."platforms.linux-x64"]
checksum = "sha256:eb52f9fae0d0506774e9f1801c1168f87fa2c87a45e2d64d3ae7c89401929946"
url = "https://github.com/axodotdev/cargo-dist/releases/download/v0.32.0/cargo-dist-x86_64-unknown-linux-gnu.tar.xz"
url_api = "https://api.github.com/repos/axodotdev/cargo-dist/releases/assets/426804471"
provenance = "github-attestations"

[tools."aqua:axodotdev/cargo-dist"."platforms.macos-arm64"]
checksum = "sha256:aa343b2ff78ec2981f17a65140250c5ad6062c74072163f68c5c2686d94763a7"
url = "https://github.com/axodotdev/cargo-dist/releases/download/v0.32.0/cargo-dist-aarch64-apple-darwin.tar.xz"
url_api = "https://api.github.com/repos/axodotdev/cargo-dist/releases/assets/426804448"
provenance = "github-attestations"

[tools."aqua:axodotdev/cargo-dist"."platforms.macos-x64"]
checksum = "sha256:6243464a8389e006b9256ee548bc795638f1a17113c1b6669c0e05ce89fd05c5"
url = "https://github.com/axodotdev/cargo-dist/releases/download/v0.32.0/cargo-dist-x86_64-apple-darwin.tar.xz"
url_api = "https://api.github.com/repos/axodotdev/cargo-dist/releases/assets/426804465"
provenance = "github-attestations"

[tools."aqua:axodotdev/cargo-dist"."platforms.windows-arm64"]
checksum = "sha256:26e845cabff12a92911ce960af73a86c8f9b2b2d9072b01dfe5b662acf044fa3"
url = "https://github.com/axodotdev/cargo-dist/releases/download/v0.32.0/cargo-dist-x86_64-pc-windows-msvc.zip"
url_api = "https://api.github.com/repos/axodotdev/cargo-dist/releases/assets/426804467"
provenance = "github-attestations"

[tools."aqua:axodotdev/cargo-dist"."platforms.windows-x64"]
checksum = "sha256:26e845cabff12a92911ce960af73a86c8f9b2b2d9072b01dfe5b662acf044fa3"
url = "https://github.com/axodotdev/cargo-dist/releases/download/v0.32.0/cargo-dist-x86_64-pc-windows-msvc.zip"
url_api = "https://api.github.com/repos/axodotdev/cargo-dist/releases/assets/426804467"
provenance = "github-attestations"

[[tools."aqua:mitsuhiko/insta"]]
version = "1.48.0"
backend = "aqua:mitsuhiko/insta"

[tools."aqua:mitsuhiko/insta"."platforms.linux-x64"]
checksum = "sha256:1c05a480a5a7f755f0ea15b2d8e2f71ad51b9c3a270d38ac72005c57ac0a1487"
url = "https://github.com/mitsuhiko/insta/releases/download/1.48.0/cargo-insta-x86_64-unknown-linux-gnu.tar.xz"
url_api = "https://api.github.com/repos/mitsuhiko/insta/releases/assets/444757866"

[tools."aqua:mitsuhiko/insta"."platforms.macos-arm64"]
checksum = "sha256:26f081f5bf62d1dc03aae9c4137188d66a2debe6bcaf2884f2153fcb6eda27cb"
url = "https://github.com/mitsuhiko/insta/releases/download/1.48.0/cargo-insta-aarch64-apple-darwin.tar.xz"
url_api = "https://api.github.com/repos/mitsuhiko/insta/releases/assets/444757856"

[tools."aqua:mitsuhiko/insta"."platforms.macos-x64"]
checksum = "sha256:e2d6d6fa4bcb30f7d4834f6254a6da7f2982a9e9a3882695aca5e83d64231267"
url = "https://github.com/mitsuhiko/insta/releases/download/1.48.0/cargo-insta-x86_64-apple-darwin.tar.xz"
url_api = "https://api.github.com/repos/mitsuhiko/insta/releases/assets/444757859"

[tools."aqua:mitsuhiko/insta"."platforms.windows-arm64"]
checksum = "sha256:7e23929588aaf5daff1e93bfc4addca7ccf55195444e84552b6588c9d864642e"
url = "https://github.com/mitsuhiko/insta/releases/download/1.48.0/cargo-insta-x86_64-pc-windows-msvc.zip"
url_api = "https://api.github.com/repos/mitsuhiko/insta/releases/assets/444757862"

[tools."aqua:mitsuhiko/insta"."platforms.windows-x64"]
checksum = "sha256:7e23929588aaf5daff1e93bfc4addca7ccf55195444e84552b6588c9d864642e"
url = "https://github.com/mitsuhiko/insta/releases/download/1.48.0/cargo-insta-x86_64-pc-windows-msvc.zip"
url_api = "https://api.github.com/repos/mitsuhiko/insta/releases/assets/444757862"

[[tools."aqua:taiki-e/cargo-llvm-cov"]]
version = "0.9.0"
backend = "aqua:taiki-e/cargo-llvm-cov"

[tools."aqua:taiki-e/cargo-llvm-cov"."platforms.linux-arm64"]
checksum = "sha256:9af53b273e50d01d8bde8785de8541f6738cc4375248cd7683aec8b5768b9d21"
url = "https://github.com/taiki-e/cargo-llvm-cov/releases/download/v0.9.0/cargo-llvm-cov-aarch64-unknown-linux-gnu.tar.gz"
url_api = "https://api.github.com/repos/taiki-e/cargo-llvm-cov/releases/assets/517185425"
provenance = "github-attestations"

[tools."aqua:taiki-e/cargo-llvm-cov"."platforms.linux-x64"]
checksum = "sha256:b068f7c98841aacb9c4f382b4a0c184ae82f49b56a32d442b429b2961c73be15"
url = "https://github.com/taiki-e/cargo-llvm-cov/releases/download/v0.9.0/cargo-llvm-cov-x86_64-unknown-linux-gnu.tar.gz"
url_api = "https://api.github.com/repos/taiki-e/cargo-llvm-cov/releases/assets/517184759"
provenance = "github-attestations"

[tools."aqua:taiki-e/cargo-llvm-cov"."platforms.macos-arm64"]
checksum = "sha256:1bbf5dc8ad82e0f6ff0eb923aa6a691c760adb60f797cdcb454e204b9399c4f0"
url = "https://github.com/taiki-e/cargo-llvm-cov/releases/download/v0.9.0/cargo-llvm-cov-aarch64-apple-darwin.tar.gz"
url_api = "https://api.github.com/repos/taiki-e/cargo-llvm-cov/releases/assets/517184633"
provenance = "github-attestations"

[tools."aqua:taiki-e/cargo-llvm-cov"."platforms.macos-x64"]
checksum = "sha256:4595bc9310b009913570514eb0ff7c3aba74902562578038f1700d611783fdc2"
url = "https://github.com/taiki-e/cargo-llvm-cov/releases/download/v0.9.0/cargo-llvm-cov-x86_64-apple-darwin.tar.gz"
url_api = "https://api.github.com/repos/taiki-e/cargo-llvm-cov/releases/assets/517184799"
provenance = "github-attestations"

[tools."aqua:taiki-e/cargo-llvm-cov"."platforms.windows-arm64"]
checksum = "sha256:49494b25effe07cc15d22b7f791cd874f8f789d96cdb4e395b06bfcdfa77f852"
url = "https://github.com/taiki-e/cargo-llvm-cov/releases/download/v0.9.0/cargo-llvm-cov-x86_64-pc-windows-msvc.tar.gz"
url_api = "https://api.github.com/repos/taiki-e/cargo-llvm-cov/releases/assets/517185668"
provenance = "github-attestations"

[tools."aqua:taiki-e/cargo-llvm-cov"."platforms.windows-x64"]
checksum = "sha256:49494b25effe07cc15d22b7f791cd874f8f789d96cdb4e395b06bfcdfa77f852"
url = "https://github.com/taiki-e/cargo-llvm-cov/releases/download/v0.9.0/cargo-llvm-cov-x86_64-pc-windows-msvc.tar.gz"
url_api = "https://api.github.com/repos/taiki-e/cargo-llvm-cov/releases/assets/517185668"
provenance = "github-attestations"

[[tools."cargo:cargo-auditable"]]
version = "0.7.5"
backend = "cargo:cargo-auditable"

[[tools."cargo:cargo-codspeed"]]
version = "5.0.1"
backend = "cargo:cargo-codspeed"

[[tools."cargo:cargo-cyclonedx"]]
version = "0.5.9"
backend = "cargo:cargo-cyclonedx"

[[tools."cargo:cargo-fuzz"]]
version = "0.13.2"
backend = "cargo:cargo-fuzz"

[[tools."cargo:cargo-hack"]]
version = "0.6.45"
backend = "cargo:cargo-hack"

[[tools."cargo:cargo-mutants"]]
version = "27.1.0"
backend = "cargo:cargo-mutants"

[[tools."github:Shopify/toxiproxy"]]
version = "2.12.0"
backend = "github:Shopify/toxiproxy"

[tools."github:Shopify/toxiproxy".options]
matching = "toxiproxy-server"

[tools."github:Shopify/toxiproxy"."platforms.linux-arm64"]
checksum = "sha256:53e770c1c3035b5a9f1bc629fce537db1f95f62b26f4ebe6e756afd701cf077c"
url = "https://github.com/Shopify/toxiproxy/releases/download/v2.12.0/toxiproxy-server-linux-arm64"
url_api = "https://api.github.com/repos/Shopify/toxiproxy/releases/assets/238542950"

[tools."github:Shopify/toxiproxy"."platforms.linux-x64"]
checksum = "sha256:556d891134a3c582dc1e1a3f7335fd55142e5965769855a00b944e13e48302fc"
url = "https://github.com/Shopify/toxiproxy/releases/download/v2.12.0/toxiproxy-server-linux-amd64"
url_api = "https://api.github.com/repos/Shopify/toxiproxy/releases/assets/238542951"

[tools."github:Shopify/toxiproxy"."platforms.macos-arm64"]
checksum = "sha256:aa299966b52f16a8594f1cd0d1e9049dc2e8fe2c04a90c19860e2719b2b95d15"
url = "https://github.com/Shopify/toxiproxy/releases/download/v2.12.0/toxiproxy-server-darwin-arm64"
url_api = "https://api.github.com/repos/Shopify/toxiproxy/releases/assets/238543039"

[tools."github:Shopify/toxiproxy"."platforms.macos-x64"]
checksum = "sha256:9625bba4bd96117eedae49f982aba4c2f462b268dd406c9ff18186f9b1ef8afe"
url = "https://github.com/Shopify/toxiproxy/releases/download/v2.12.0/toxiproxy-server-darwin-amd64"
url_api = "https://api.github.com/repos/Shopify/toxiproxy/releases/assets/238542978"

[tools."github:Shopify/toxiproxy"."platforms.windows-arm64"]
checksum = "sha256:1a9842b00ad7bcd506d359c29c5f93177f93b7190cca4f4c54b5c01a1b7da3de"
url = "https://github.com/Shopify/toxiproxy/releases/download/v2.12.0/toxiproxy-server-freebsd-arm64"
url_api = "https://api.github.com/repos/Shopify/toxiproxy/releases/assets/238543051"

[tools."github:Shopify/toxiproxy"."platforms.windows-x64"]
checksum = "sha256:e32f4cb58e62e844d4b5d47613525a5bdeea15c39fa22c9f413c756275ac0ba8"
url = "https://github.com/Shopify/toxiproxy/releases/download/v2.12.0/toxiproxy-server-windows-amd64.exe"
url_api = "https://api.github.com/repos/Shopify/toxiproxy/releases/assets/238543059"

[[tools."github:leptos-rs/cargo-leptos"]]
version = "0.3.7"
backend = "github:leptos-rs/cargo-leptos"

[tools."github:leptos-rs/cargo-leptos"."platforms.linux-arm64"]
checksum = "sha256:70e0c1cdf47f3c26c90ab4a020f8fcd9206233cc34b321c1aa37f7a554aa3bad"
url = "https://github.com/leptos-rs/cargo-leptos/releases/download/v0.3.7/cargo-leptos-aarch64-unknown-linux-gnu.tar.gz"
url_api = "https://api.github.com/repos/leptos-rs/cargo-leptos/releases/assets/465714596"

[tools."github:leptos-rs/cargo-leptos"."platforms.linux-x64"]
checksum = "sha256:fda80f4845e92d0e8f5ec13cf1a46982ba7a518ae01182e7e4201312944bc05d"
url = "https://github.com/leptos-rs/cargo-leptos/releases/download/v0.3.7/cargo-leptos-x86_64-unknown-linux-gnu.tar.gz"
url_api = "https://api.github.com/repos/leptos-rs/cargo-leptos/releases/assets/465714627"

[tools."github:leptos-rs/cargo-leptos"."platforms.macos-arm64"]
checksum = "sha256:f5464add2ee2778eb11189be1e2f1721d6f30aa47b2cf4f00172962738d99e42"
url = "https://github.com/leptos-rs/cargo-leptos/releases/download/v0.3.7/cargo-leptos-aarch64-apple-darwin.tar.gz"
url_api = "https://api.github.com/repos/leptos-rs/cargo-leptos/releases/assets/465714594"

[tools."github:leptos-rs/cargo-leptos"."platforms.macos-x64"]
checksum = "sha256:6ae47376c816f66c0191adea1fec0bd70b05e85f8a10ba42bd3ca8e3adf0748b"
url = "https://github.com/leptos-rs/cargo-leptos/releases/download/v0.3.7/cargo-leptos-x86_64-apple-darwin.tar.gz"
url_api = "https://api.github.com/repos/leptos-rs/cargo-leptos/releases/assets/465714611"

[tools."github:leptos-rs/cargo-leptos"."platforms.windows-arm64"]
checksum = "sha256:6e4b72ede0ca23e1023773c2ccac1b8035b3cbb5ddb1fc721d53b181244cdadb"
url = "https://github.com/leptos-rs/cargo-leptos/releases/download/v0.3.7/source.tar.gz"
url_api = "https://api.github.com/repos/leptos-rs/cargo-leptos/releases/assets/465714657"

[tools."github:leptos-rs/cargo-leptos"."platforms.windows-x64"]
checksum = "sha256:041d4d2d59020325c28c6fc6f64ca8fea0c9768dd5956817bfaa78977e1dd64e"
url = "https://github.com/leptos-rs/cargo-leptos/releases/download/v0.3.7/cargo-leptos-x86_64-pc-windows-msvc.tar.gz"
url_api = "https://api.github.com/repos/leptos-rs/cargo-leptos/releases/assets/465714617"

[[tools."github:nextest-rs/nextest"]]
version = "0.9.143"
backend = "github:nextest-rs/nextest"

[tools."github:nextest-rs/nextest".options]
version_prefix = "cargo-nextest-"

[tools."github:nextest-rs/nextest"."platforms.linux-arm64"]
checksum = "sha256:2a64b3566a92508550a7ab29c3e8db25472ca37730ecb4d22100b6aa440c2a68"
url = "https://github.com/nextest-rs/nextest/releases/download/cargo-nextest-0.9.143/cargo-nextest-0.9.143-aarch64-unknown-linux-gnu.tar.gz"
url_api = "https://api.github.com/repos/nextest-rs/nextest/releases/assets/501881925"
provenance = "github-attestations"

[tools."github:nextest-rs/nextest"."platforms.linux-x64"]
checksum = "sha256:66786b9abe23920d022a182d1416b1bbc8130dd4872a9553d76985a1708dcd1e"
url = "https://github.com/nextest-rs/nextest/releases/download/cargo-nextest-0.9.143/cargo-nextest-0.9.143-x86_64-unknown-linux-gnu.tar.gz"
url_api = "https://api.github.com/repos/nextest-rs/nextest/releases/assets/501882467"
provenance = "github-attestations"

[tools."github:nextest-rs/nextest"."platforms.macos-arm64"]
checksum = "sha256:4830d430411148d17602a75cc880bfb4dc8dac153dea59a48a2ef4cc93577f07"
url = "https://github.com/nextest-rs/nextest/releases/download/cargo-nextest-0.9.143/cargo-nextest-0.9.143-universal-apple-darwin.tar.gz"
url_api = "https://api.github.com/repos/nextest-rs/nextest/releases/assets/501885637"
provenance = "github-attestations"
provenance_verified = true

[tools."github:nextest-rs/nextest"."platforms.macos-x64"]
checksum = "sha256:4830d430411148d17602a75cc880bfb4dc8dac153dea59a48a2ef4cc93577f07"
url = "https://github.com/nextest-rs/nextest/releases/download/cargo-nextest-0.9.143/cargo-nextest-0.9.143-universal-apple-darwin.tar.gz"
url_api = "https://api.github.com/repos/nextest-rs/nextest/releases/assets/501885637"
provenance = "github-attestations"

[tools."github:nextest-rs/nextest"."platforms.windows-arm64"]
checksum = "sha256:58c1637ba2396e6c556aa0092f9aa4388695594b8ddda5a4b8b39212574678ce"
url = "https://github.com/nextest-rs/nextest/releases/download/cargo-nextest-0.9.143/cargo-nextest-0.9.143-aarch64-pc-windows-msvc.zip"
url_api = "https://api.github.com/repos/nextest-rs/nextest/releases/assets/501886128"
provenance = "github-attestations"

[tools."github:nextest-rs/nextest"."platforms.windows-x64"]
checksum = "sha256:c670ba18e8731fd2eff33a47af33a0fa53d1afa6d0678344e82dc6f8fc7344ac"
url = "https://github.com/nextest-rs/nextest/releases/download/cargo-nextest-0.9.143/cargo-nextest-0.9.143-x86_64-pc-windows-msvc.zip"
url_api = "https://api.github.com/repos/nextest-rs/nextest/releases/assets/501885754"
provenance = "github-attestations"

[[tools."github:obi1kenobi/cargo-semver-checks"]]
version = "0.50.0"
backend = "github:obi1kenobi/cargo-semver-checks"

[tools."github:obi1kenobi/cargo-semver-checks"."platforms.linux-arm64"]
checksum = "sha256:e35f435ea322659381f52e7034bb4f0470108f5b267d29f13cf08152fa4af29b"
url = "https://github.com/obi1kenobi/cargo-semver-checks/releases/download/v0.50.0/cargo-semver-checks-aarch64-unknown-linux-gnu.tar.gz"
url_api = "https://api.github.com/repos/obi1kenobi/cargo-semver-checks/releases/assets/498086634"

[tools."github:obi1kenobi/cargo-semver-checks"."platforms.linux-x64"]
checksum = "sha256:52a65dc88dc53fa8b57d6087954eb52cda149ca03bcfca78ce3fdecd23f893c4"
url = "https://github.com/obi1kenobi/cargo-semver-checks/releases/download/v0.50.0/cargo-semver-checks-x86_64-unknown-linux-gnu.tar.gz"
url_api = "https://api.github.com/repos/obi1kenobi/cargo-semver-checks/releases/assets/498085744"

[tools."github:obi1kenobi/cargo-semver-checks"."platforms.macos-arm64"]
checksum = "sha256:f99f928d67501c29e8410026f27a54cf799fb13611c3b4a6a58f2772cf7e3799"
url = "https://github.com/obi1kenobi/cargo-semver-checks/releases/download/v0.50.0/cargo-semver-checks-aarch64-apple-darwin.tar.gz"
url_api = "https://api.github.com/repos/obi1kenobi/cargo-semver-checks/releases/assets/498087281"

[tools."github:obi1kenobi/cargo-semver-checks"."platforms.macos-x64"]
checksum = "sha256:e320f7368a3d37a96d6509c0d5dd1d69bde4e8ef5fcb76d60b5a5a0ae4b755be"
url = "https://github.com/obi1kenobi/cargo-semver-checks/releases/download/v0.50.0/cargo-semver-checks-x86_64-apple-darwin.tar.gz"
url_api = "https://api.github.com/repos/obi1kenobi/cargo-semver-checks/releases/assets/498086502"

[tools."github:obi1kenobi/cargo-semver-checks"."platforms.windows-x64"]
checksum = "sha256:58854aaeaf84fee3266d1b4d9c45df585fe0478c7cabb4db4fac8f060a636864"
url = "https://github.com/obi1kenobi/cargo-semver-checks/releases/download/v0.50.0/cargo-semver-checks-x86_64-pc-windows-msvc.zip"
url_api = "https://api.github.com/repos/obi1kenobi/cargo-semver-checks/releases/assets/498090877"

[[tools."github:project-zot/zot"]]
version = "2.1.20"
backend = "github:project-zot/zot"

[tools."github:project-zot/zot".options]
matching_regex = "^zot-(darwin|linux)-(amd64|arm64)$"

[tools."github:project-zot/zot"."platforms.linux-arm64"]
checksum = "sha256:d6a39475587be18ec3d42e0d2bfa50f5c5064cbbcdc222dbd88e55ecf69dd8e9"
url = "https://github.com/project-zot/zot/releases/download/v2.1.20/zot-linux-arm64"
url_api = "https://api.github.com/repos/project-zot/zot/releases/assets/501642091"

[tools."github:project-zot/zot"."platforms.linux-x64"]
checksum = "sha256:a32e42d042d1f17b5b1317e55cc1a415a744c873dcd05c25c56b665478258bcb"
url = "https://github.com/project-zot/zot/releases/download/v2.1.20/zot-linux-amd64"
url_api = "https://api.github.com/repos/project-zot/zot/releases/assets/501641554"

[tools."github:project-zot/zot"."platforms.macos-arm64"]
checksum = "sha256:7bdade2bfca62f5466c53dc56dd2237a56b8d321584ad5e4b87c84f8917c0a51"
url = "https://github.com/project-zot/zot/releases/download/v2.1.20/zot-darwin-arm64"
url_api = "https://api.github.com/repos/project-zot/zot/releases/assets/501641639"

[tools."github:project-zot/zot"."platforms.macos-x64"]
checksum = "sha256:13886c499b085bf6ca67a30de07399d8582e6f2cd71512ec1fc7458bc5c39d8a"
url = "https://github.com/project-zot/zot/releases/download/v2.1.20/zot-darwin-amd64"
url_api = "https://api.github.com/repos/project-zot/zot/releases/assets/501641958"

[[tools.jq]]
version = "1.8.2"
backend = "aqua:jqlang/jq"

[tools.jq."platforms.linux-arm64"]
checksum = "sha256:8b85c817833814ddca00a144c33705546355afccf0cf39b188f3cdb48b852309"
url = "https://github.com/jqlang/jq/releases/download/jq-1.8.2/jq-linux-arm64"
url_api = "https://api.github.com/repos/jqlang/jq/releases/assets/453012756"
provenance = "github-attestations"

[tools.jq."platforms.linux-x64"]
checksum = "sha256:b1c22172dd303f3be49e935aa56aa48a8b7a46e0bc838b4997d3bb451495870f"
url = "https://github.com/jqlang/jq/releases/download/jq-1.8.2/jq-linux-amd64"
url_api = "https://api.github.com/repos/jqlang/jq/releases/assets/453012752"
provenance = "github-attestations"

[tools.jq."platforms.macos-arm64"]
checksum = "sha256:2d75340ba57a4b4b4c8708a21c2dc8e958a48aaa8bba13b27f77f6e4c0eca07e"
url = "https://github.com/jqlang/jq/releases/download/jq-1.8.2/jq-macos-arm64"
url_api = "https://api.github.com/repos/jqlang/jq/releases/assets/453012783"
provenance = "github-attestations"

[tools.jq."platforms.macos-x64"]
checksum = "sha256:e94b266e3c26690550006abe63152b782280f4e14374accdf04cbde844f00bc0"
url = "https://github.com/jqlang/jq/releases/download/jq-1.8.2/jq-macos-amd64"
url_api = "https://api.github.com/repos/jqlang/jq/releases/assets/453012782"
provenance = "github-attestations"

[tools.jq."platforms.windows-arm64"]
checksum = "sha256:a6fc67fedaf9128a3309a1e2ebb8b986aeccf70122ee46d2cb4849e423f0c627"
url = "https://github.com/jqlang/jq/releases/download/jq-1.8.2/jq-windows-amd64.exe"
url_api = "https://api.github.com/repos/jqlang/jq/releases/assets/453012788"
provenance = "github-attestations"

[tools.jq."platforms.windows-x64"]
checksum = "sha256:a6fc67fedaf9128a3309a1e2ebb8b986aeccf70122ee46d2cb4849e423f0c627"
url = "https://github.com/jqlang/jq/releases/download/jq-1.8.2/jq-windows-amd64.exe"
url_api = "https://api.github.com/repos/jqlang/jq/releases/assets/453012788"
provenance = "github-attestations"

[[tools.just]]
version = "1.58.0"
backend = "aqua:casey/just"

[tools.just."platforms.linux-arm64"]
checksum = "sha256:748237128c4c40cbdabc65e841d05ceba13cc23a91eaba395495894c1d9764df"
url = "https://github.com/casey/just/releases/download/1.58.0/just-1.58.0-aarch64-unknown-linux-musl.tar.gz"
url_api = "https://api.github.com/repos/casey/just/releases/assets/500510099"

[tools.just."platforms.linux-x64"]
checksum = "sha256:4a5cc2f53e6f0f8c59092a6cc38291eb729d46a7dd95d3ae582008881b84931d"
url = "https://github.com/casey/just/releases/download/1.58.0/just-1.58.0-x86_64-unknown-linux-musl.tar.gz"
url_api = "https://api.github.com/repos/casey/just/releases/assets/500509978"

[tools.just."platforms.macos-arm64"]
checksum = "sha256:50ae3e996c974a0bf32ea7d10f495070df33f1b43e0616b2769e3d4821ed8f48"
url = "https://github.com/casey/just/releases/download/1.58.0/just-1.58.0-aarch64-apple-darwin.tar.gz"
url_api = "https://api.github.com/repos/casey/just/releases/assets/500509965"

[tools.just."platforms.macos-x64"]
checksum = "sha256:9a09cfef66aaa79da58203970103a0684307716caaabd3e9844cacc4dc0f4023"
url = "https://github.com/casey/just/releases/download/1.58.0/just-1.58.0-x86_64-apple-darwin.tar.gz"
url_api = "https://api.github.com/repos/casey/just/releases/assets/500510084"

[tools.just."platforms.windows-arm64"]
checksum = "sha256:759f16fb7aa17c5c8b9594b6d4a8c1a6630dfd042cf2b3ff84841454d3d188dc"
url = "https://github.com/casey/just/releases/download/1.58.0/just-1.58.0-x86_64-pc-windows-msvc.zip"
url_api = "https://api.github.com/repos/casey/just/releases/assets/500511374"

[tools.just."platforms.windows-x64"]
checksum = "sha256:759f16fb7aa17c5c8b9594b6d4a8c1a6630dfd042cf2b3ff84841454d3d188dc"
url = "https://github.com/casey/just/releases/download/1.58.0/just-1.58.0-x86_64-pc-windows-msvc.zip"
url_api = "https://api.github.com/repos/casey/just/releases/assets/500511374"

[[tools.maturin]]
version = "1.15.0"
backend = "github:PyO3/maturin"

[tools.maturin."platforms.linux-arm64"]
checksum = "sha256:cd287a2c9dc69ab559670d245bfc9d3f5b0c9f184aa98ad0d8f826abc90c78dd"
url = "https://github.com/PyO3/maturin/releases/download/v1.15.0/maturin-aarch64-unknown-linux-musl.tar.gz"
url_api = "https://api.github.com/repos/PyO3/maturin/releases/assets/527562231"
provenance = "github-attestations"

[tools.maturin."platforms.linux-x64"]
checksum = "sha256:5a7d5226e83598b0c85881a0a03be16393ee2c0924b6f9d752951795825ac806"
url = "https://github.com/PyO3/maturin/releases/download/v1.15.0/maturin-x86_64-unknown-linux-musl.tar.gz"
url_api = "https://api.github.com/repos/PyO3/maturin/releases/assets/527562222"
provenance = "github-attestations"

[tools.maturin."platforms.macos-arm64"]
checksum = "sha256:d7a9ce82389e75aeaef8fdda43d35dbc956fac6a4b143a4c7b447b6ffadc7eaf"
url = "https://github.com/PyO3/maturin/releases/download/v1.15.0/maturin-aarch64-apple-darwin.tar.gz"
url_api = "https://api.github.com/repos/PyO3/maturin/releases/assets/527562235"
provenance = "github-attestations"
provenance_verified = true

[tools.maturin."platforms.macos-x64"]
checksum = "sha256:d72809b92806a53bdc22074aeedc83af66f8bdb391e2c60bc72547c40ec10629"
url = "https://github.com/PyO3/maturin/releases/download/v1.15.0/maturin-x86_64-apple-darwin.tar.gz"
url_api = "https://api.github.com/repos/PyO3/maturin/releases/assets/527562233"
provenance = "github-attestations"

[tools.maturin."platforms.windows-arm64"]
checksum = "sha256:bbb9361d2101039a81423cd3d66d6b3e94365640104bb553ee25591989010953"
url = "https://github.com/PyO3/maturin/releases/download/v1.15.0/maturin-aarch64-pc-windows-msvc.zip"
url_api = "https://api.github.com/repos/PyO3/maturin/releases/assets/527562225"
provenance = "github-attestations"

[tools.maturin."platforms.windows-x64"]
checksum = "sha256:c645dc55f848205210552e77f744685c90c35ae81fd03e47a9887ebdc8ae8299"
url = "https://github.com/PyO3/maturin/releases/download/v1.15.0/maturin-x86_64-pc-windows-msvc.zip"
url_api = "https://api.github.com/repos/PyO3/maturin/releases/assets/527562239"
provenance = "github-attestations"

[[tools.node]]
version = "26.7.0"
backend = "core:node"

[tools.node."platforms.linux-arm64"]
checksum = "sha256:925aa6157dd37542d0d7f2e28b7bf61e7b39284411210b0498bc3788db4aef68"
url = "https://nodejs.org/dist/v26.7.0/node-v26.7.0-linux-arm64.tar.gz"

[tools.node."platforms.linux-x64"]
checksum = "sha256:bd6b6c31e377bad9ad579bed72e5bc11f4c879ac9452ad51d30e646ea3d828df"
url = "https://nodejs.org/dist/v26.7.0/node-v26.7.0-linux-x64.tar.gz"

[tools.node."platforms.macos-arm64"]
checksum = "sha256:7ee659a7768e641bbfd5360940660b8e8fd0052f77488f365562bac522fc15d4"
url = "https://nodejs.org/dist/v26.7.0/node-v26.7.0-darwin-arm64.tar.gz"

[tools.node."platforms.macos-x64"]
checksum = "sha256:f279d1ed28ce57f7788bf23435d2ad7fdd7438904ad5c4d8a1081a7cde3d4b96"
url = "https://nodejs.org/dist/v26.7.0/node-v26.7.0-darwin-x64.tar.gz"

[tools.node."platforms.windows-arm64"]
checksum = "sha256:be8775204cfceca5a73c30f91bf0de5e85274c01b776dc13f16b91aa251ebb01"
url = "https://nodejs.org/dist/v26.7.0/node-v26.7.0-win-arm64.zip"

[tools.node."platforms.windows-x64"]
checksum = "sha256:d3bd72755141ed32bbcd841228ee81897c8a98d50dfa7dae2179399a0a7c90f8"
url = "https://nodejs.org/dist/v26.7.0/node-v26.7.0-win-x64.zip"

[[tools.prek]]
version = "0.4.14"
backend = "aqua:j178/prek"

[tools.prek."platforms.linux-arm64"]
checksum = "sha256:a0302d10599f40eb1b46bfe28cfe04c2638f0af858787d21c5904acc8047aaff"
url = "https://github.com/j178/prek/releases/download/v0.4.14/prek-aarch64-unknown-linux-gnu.tar.gz"
url_api = "https://api.github.com/repos/j178/prek/releases/assets/517620521"
provenance = "github-attestations"

[tools.prek."platforms.linux-x64"]
checksum = "sha256:d1eacb826b9f71ce9098636d2c3e96df0ed1cf08c9c17c57bf358b401f5a995d"
url = "https://github.com/j178/prek/releases/download/v0.4.14/prek-x86_64-unknown-linux-gnu.tar.gz"
url_api = "https://api.github.com/repos/j178/prek/releases/assets/517620600"
provenance = "github-attestations"

[tools.prek."platforms.macos-arm64"]
checksum = "sha256:87f7fb2b99871820eb352d9a2327461d25affe354d6d48c4edf3a34f360c6be8"
url = "https://github.com/j178/prek/releases/download/v0.4.14/prek-aarch64-apple-darwin.tar.gz"
url_api = "https://api.github.com/repos/j178/prek/releases/assets/517620513"
provenance = "github-attestations"

[tools.prek."platforms.macos-x64"]
checksum = "sha256:59073820f5145cea2fa91b7e4256bbab6ed44de364d4b6809311d7ee9653d3b7"
url = "https://github.com/j178/prek/releases/download/v0.4.14/prek-x86_64-apple-darwin.tar.gz"
url_api = "https://api.github.com/repos/j178/prek/releases/assets/517620585"
provenance = "github-attestations"

[tools.prek."platforms.windows-arm64"]
checksum = "sha256:700c2aa43c88937bba5bfc8199a0ab8d08be30ed212b4a13bc91fee3e4cf4050"
url = "https://github.com/j178/prek/releases/download/v0.4.14/prek-aarch64-pc-windows-msvc.zip"
url_api = "https://api.github.com/repos/j178/prek/releases/assets/517620511"
provenance = "github-attestations"

[tools.prek."platforms.windows-x64"]
checksum = "sha256:284eb3b185788fbb5c1b53b1e2217c744be44debaff88efd305b1947df6f0b82"
url = "https://github.com/j178/prek/releases/download/v0.4.14/prek-x86_64-pc-windows-msvc.zip"
url_api = "https://api.github.com/repos/j178/prek/releases/assets/517620593"
provenance = "github-attestations"

[[tools.sccache]]
version = "0.17.0"
backend = "aqua:mozilla/sccache"

[tools.sccache."platforms.linux-arm64"]
checksum = "sha256:821a86343191aa1cbab74bd42f9e93c9a63bf85e4742945f40d3ae84193c1c77"
url = "https://github.com/mozilla/sccache/releases/download/v0.17.0/sccache-v0.17.0-aarch64-unknown-linux-musl.tar.gz"
url_api = "https://api.github.com/repos/mozilla/sccache/releases/assets/493678924"

[tools.sccache."platforms.linux-x64"]
checksum = "sha256:67c4a96dd237c1f518f6b36083f270f9976d516f1e57fce891755ea782e50006"
url = "https://github.com/mozilla/sccache/releases/download/v0.17.0/sccache-v0.17.0-x86_64-unknown-linux-musl.tar.gz"
url_api = "https://api.github.com/repos/mozilla/sccache/releases/assets/493679099"

[tools.sccache."platforms.macos-arm64"]
checksum = "sha256:0c560bfba31aef5bdfb4fb3d2677f6e61d71c5c00952f2a83344f47aa31f00f1"
url = "https://github.com/mozilla/sccache/releases/download/v0.17.0/sccache-v0.17.0-aarch64-apple-darwin.tar.gz"
url_api = "https://api.github.com/repos/mozilla/sccache/releases/assets/493678886"

[tools.sccache."platforms.macos-x64"]
checksum = "sha256:c2144cafbfe3d22e34ae637f9974ce53613543ac19477fdb287df22ea3668261"
url = "https://github.com/mozilla/sccache/releases/download/v0.17.0/sccache-v0.17.0-x86_64-apple-darwin.tar.gz"
url_api = "https://api.github.com/repos/mozilla/sccache/releases/assets/493679070"

[tools.sccache."platforms.windows-arm64"]
checksum = "sha256:f1bec6836a764f5f0a01ae3b5d47d1778a6b80171f9f49722e246cdff27a9f3b"
url = "https://github.com/mozilla/sccache/releases/download/v0.17.0/sccache-v0.17.0-aarch64-pc-windows-msvc.tar.gz"
url_api = "https://api.github.com/repos/mozilla/sccache/releases/assets/493678898"

[tools.sccache."platforms.windows-x64"]
checksum = "sha256:caf1932d76a909c909b7a2e41443cdfe3c79a49a380da1a22fa422e1d00d3ca7"
url = "https://github.com/mozilla/sccache/releases/download/v0.17.0/sccache-v0.17.0-x86_64-pc-windows-msvc.tar.gz"
url_api = "https://api.github.com/repos/mozilla/sccache/releases/assets/493679085"

[[tools.uv]]
version = "0.12.5"
backend = "aqua:astral-sh/uv"

[tools.uv."platforms.linux-arm64"]
checksum = "sha256:9bf43b4d1a07665bf64d4c4e710930b382321a785e0eb10aac07f46471f86a31"
url = "https://github.com/astral-sh/uv/releases/download/0.12.5/uv-aarch64-unknown-linux-gnu.tar.gz"
url_api = "https://api.github.com/repos/astral-sh/uv/releases/assets/514850990"
provenance = "github-attestations"

[tools.uv."platforms.linux-x64"]
checksum = "sha256:68a509da24b06b4223a1c0175fb5eb5bc79342b76cbeff0cfe51ac3f5b17b6b2"
url = "https://github.com/astral-sh/uv/releases/download/0.12.5/uv-x86_64-unknown-linux-gnu.tar.gz"
url_api = "https://api.github.com/repos/astral-sh/uv/releases/assets/514851093"
provenance = "github-attestations"

[tools.uv."platforms.macos-arm64"]
checksum = "sha256:5bb0e5fe008a773c3dbcb97ff79cd89e1241464fe9d2f986d52ad8f1b037bd62"
url = "https://github.com/astral-sh/uv/releases/download/0.12.5/uv-aarch64-apple-darwin.tar.gz"
url_api = "https://api.github.com/repos/astral-sh/uv/releases/assets/514850968"
provenance = "github-attestations"

[tools.uv."platforms.macos-x64"]
checksum = "sha256:b3b2137477cf96c9686ebfb71524614cec780c673fd73e59bce099aef02e70e8"
url = "https://github.com/astral-sh/uv/releases/download/0.12.5/uv-x86_64-apple-darwin.tar.gz"
url_api = "https://api.github.com/repos/astral-sh/uv/releases/assets/514851078"
provenance = "github-attestations"

[tools.uv."platforms.windows-arm64"]
checksum = "sha256:4c4d49d8738847d9b71ba319e49a5688c93eac0fe6204b1df24e98528dddf39a"
url = "https://github.com/astral-sh/uv/releases/download/0.12.5/uv-x86_64-pc-windows-msvc.zip"
url_api = "https://api.github.com/repos/astral-sh/uv/releases/assets/514851084"
provenance = "github-attestations"

[tools.uv."platforms.windows-x64"]
checksum = "sha256:4c4d49d8738847d9b71ba319e49a5688c93eac0fe6204b1df24e98528dddf39a"
url = "https://github.com/astral-sh/uv/releases/download/0.12.5/uv-x86_64-pc-windows-msvc.zip"
url_api = "https://api.github.com/repos/astral-sh/uv/releases/assets/514851084"
provenance = "github-attestations"

[[tools.zig]]
version = "0.16.0"
backend = "core:zig"

[tools.zig."platforms.linux-arm64"]
checksum = "sha256:ea4b09bfb22ec6f6c6ceac57ab63efb6b46e17ab08d21f69f3a48b38e1534f17"
url = "https://ziglang.org/download/0.16.0/zig-aarch64-linux-0.16.0.tar.xz"

[tools.zig."platforms.linux-x64"]
checksum = "sha256:70e49664a74374b48b51e6f3fdfbf437f6395d42509050588bd49abe52ba3d00"
url = "https://ziglang.org/download/0.16.0/zig-x86_64-linux-0.16.0.tar.xz"

[tools.zig."platforms.macos-arm64"]
checksum = "sha256:b23d70deaa879b5c2d486ed3316f7eaa53e84acf6fc9cc747de152450d401489"
url = "https://ziglang.org/download/0.16.0/zig-aarch64-macos-0.16.0.tar.xz"
provenance = "minisign"

[tools.zig."platforms.macos-x64"]
checksum = "sha256:0387557ed1877bc6a2e1802c8391953baddba76081876301c522f52977b52ba7"
url = "https://ziglang.org/download/0.16.0/zig-x86_64-macos-0.16.0.tar.xz"

[tools.zig."platforms.windows-arm64"]
checksum = "sha256:aee38316ee4111717900f45dd3130145c39289e105541d737eb8c5ed653c78ef"
url = "https://ziglang.org/download/0.16.0/zig-aarch64-windows-0.16.0.zip"

[tools.zig."platforms.windows-x64"]
checksum = "sha256:68659eb5f1e4eb1437a722f1dd889c5a322c9954607f5edcf337bc3684a75a7e"
url = "https://ziglang.org/download/0.16.0/zig-x86_64-windows-0.16.0.zip"

[[tools.zola]]
version = "0.23.4"
backend = "aqua:getzola/zola"

[tools.zola."platforms.linux-arm64"]
checksum = "sha256:21bb37a4f3bbac663cf8f04df9b51ac6bc154acfe2cf2c3e9ea162b4951487b6"
url = "https://github.com/getzola/zola/releases/download/v0.23.4/zola-v0.23.4-aarch64-unknown-linux-gnu.tar.gz"
url_api = "https://api.github.com/repos/getzola/zola/releases/assets/522506503"
provenance = "github-attestations"

[tools.zola."platforms.linux-x64"]
checksum = "sha256:54d1a347781b2f32330914fcc02def81c7e3ddb6111b36d1cc89c06557aed1de"
url = "https://github.com/getzola/zola/releases/download/v0.23.4/zola-v0.23.4-x86_64-unknown-linux-gnu.tar.gz"
url_api = "https://api.github.com/repos/getzola/zola/releases/assets/522506497"
provenance = "github-attestations"

[tools.zola."platforms.macos-arm64"]
checksum = "sha256:303b8e1f3251a6250e47f811eda143316f653c22201faa66777d48ac499c0ee3"
url = "https://github.com/getzola/zola/releases/download/v0.23.4/zola-v0.23.4-aarch64-apple-darwin.tar.gz"
url_api = "https://api.github.com/repos/getzola/zola/releases/assets/522506499"
provenance = "github-attestations"

[tools.zola."platforms.macos-x64"]
checksum = "sha256:e79edcba2e8d03d22065c9cb8fa2e3abf07b823ef17f00abdc060188dceabba7"
url = "https://github.com/getzola/zola/releases/download/v0.23.4/zola-v0.23.4-x86_64-apple-darwin.tar.gz"
url_api = "https://api.github.com/repos/getzola/zola/releases/assets/522506506"
provenance = "github-attestations"

[tools.zola."platforms.windows-arm64"]
checksum = "sha256:dc839498e27b631f60fd5e1527935198b7f002eb09b8446a1e2913a8fa386925"
url = "https://github.com/getzola/zola/releases/download/v0.23.4/zola-v0.23.4-x86_64-pc-windows-msvc.zip"
url_api = "https://api.github.com/repos/getzola/zola/releases/assets/522506492"
provenance = "github-attestations"

[tools.zola."platforms.windows-x64"]
checksum = "sha256:dc839498e27b631f60fd5e1527935198b7f002eb09b8446a1e2913a8fa386925"
url = "https://github.com/getzola/zola/releases/download/v0.23.4/zola-v0.23.4-x86_64-pc-windows-msvc.zip"
url_api = "https://api.github.com/repos/getzola/zola/releases/assets/522506492"
provenance = "github-attestations"
